uuid: d150063b-15d1-4779-b4a2-f40b5300b5f6
langcode: en
status: true
dependencies:
  config:
    - paragraphs.paragraphs_type.block
  module:
    - content_translation
third_party_settings:
  content_translation:
    enabled: false
    bundle_settings:
      untranslatable_fields_hide: '0'
id: paragraph.block
target_entity_type_id: paragraph
target_bundle: block
default_langcode: site_default
language_alterable: false
